// !$*UTF8*$!
{
	archiveVersion = 1;
	classes = {
	};
	objectVersion = 46;
	objects = {

/* Begin PBXBuildFile section */
		E1492AA618C7A66300EC6D03 /* Foundation.framework in Frameworks */ = {isa = PBXBuildFile; fileRef = E1492AA518C7A66300EC6D03 /* Foundation.framework */; };
		E1492AA818C7A66300EC6D03 /* CoreGraphics.framework in Frameworks */ = {isa = PBXBuildFile; fileRef = E1492AA718C7A66300EC6D03 /* CoreGraphics.framework */; };
		E1492AAA18C7A66300EC6D03 /* UIKit.framework in Frameworks */ = {isa = PBXBuildFile; fileRef = E1492AA918C7A66300EC6D03 /* UIKit.framework */; };
		E1492AB018C7A66300EC6D03 /* InfoPlist.strings in Resources */ = {isa = PBXBuildFile; fileRef = E1492AAE18C7A66300EC6D03 /* InfoPlist.strings */; };
		E1492AB218C7A66300EC6D03 /* main.m in Sources */ = {isa = PBXBuildFile; fileRef = E1492AB118C7A66300EC6D03 /* main.m */; };
		E1492AB618C7A66300EC6D03 /* AppDelegate.m in Sources */ = {isa = PBXBuildFile; fileRef = E1492AB518C7A66300EC6D03 /* AppDelegate.m */; };
		E1492AB918C7A66300EC6D03 /* Main.storyboard in Resources */ = {isa = PBXBuildFile; fileRef = E1492AB718C7A66300EC6D03 /* Main.storyboard */; };
		E1492ABC18C7A66300EC6D03 /* ViewController.m in Sources */ = {isa = PBXBuildFile; fileRef = E1492ABB18C7A66300EC6D03 /* ViewController.m */; };
		E1492ABE18C7A66300EC6D03 /* Images.xcassets in Resources */ = {isa = PBXBuildFile; fileRef = E1492ABD18C7A66300EC6D03 /* Images.xcassets */; };
		E1492AC518C7A66300EC6D03 /* XCTest.framework in Frameworks */ = {isa = PBXBuildFile; fileRef = E1492AC418C7A66300EC6D03 /* XCTest.framework */; };
		E1492AC618C7A66300EC6D03 /* Foundation.framework in Frameworks */ = {isa = PBXBuildFile; fileRef = E1492AA518C7A66300EC6D03 /* Foundation.framework */; };
		E1492AC718C7A66300EC6D03 /* UIKit.framework in Frameworks */ = {isa = PBXBuildFile; fileRef = E1492AA918C7A66300EC6D03 /* UIKit.framework */; };
		E1492ACF18C7A66300EC6D03 /* InfoPlist.strings in Resources */ = {isa = PBXBuildFile; fileRef = E1492ACD18C7A66300EC6D03 /* InfoPlist.strings */; };
		E1492AD118C7A66300EC6D03 /* Vinclu_SampleTests.m in Sources */ = {isa = PBXBuildFile; fileRef = E1492AD018C7A66300EC6D03 /* Vinclu_SampleTests.m */; };
		E1492ADB18C7A6D900EC6D03 /* AudioToolbox.framework in Frameworks */ = {isa = PBXBuildFile; fileRef = E1492ADA18C7A6D900EC6D03 /* AudioToolbox.framework */; };
/* End PBXBuildFile section */

/* Begin PBXContainerItemProxy section */
		E1492AC818C7A66300EC6D03 /* PBXContainerItemProxy */ = {
			isa = PBXContainerItemProxy;
			containerPortal = E1492A9A18C7A66300EC6D03 /* Project object */;
			proxyType = 1;
			remoteGlobalIDString = E1492AA118C7A66300EC6D03;
			remoteInfo = "Vinclu Sample";
		};
/* End PBXContainerItemProxy section */

/* Begin PBXFileReference section */
		E1492AA218C7A66300EC6D03 /* Vinclu Sample.app */ = {isa = PBXFileReference; explicitFileType = wrapper.application; includeInIndex = 0; path = "Vinclu Sample.app"; sourceTree = BUILT_PRODUCTS_DIR; };
		E1492AA518C7A66300EC6D03 /* Foundation.framework */ = {isa = PBXFileReference; lastKnownFileType = wrapper.framework; name = Foundation.framework; path = System/Library/Frameworks/Foundation.framework; sourceTree = SDKROOT; };
		E1492AA718C7A66300EC6D03 /* CoreGraphics.framework */ = {isa = PBXFileReference; lastKnownFileType = wrapper.framework; name = CoreGraphics.framework; path = System/Library/Frameworks/CoreGraphics.framework; sourceTree = SDKROOT; };
		E1492AA918C7A66300EC6D03 /* UIKit.framework */ = {isa = PBXFileReference; lastKnownFileType = wrapper.framework; name = UIKit.framework; path = System/Library/Frameworks/UIKit.framework; sourceTree = SDKROOT; };
		E1492AAD18C7A66300EC6D03 /* Vinclu Sample-Info.plist */ = {isa = PBXFileReference; lastKnownFileType = text.plist.xml; path = "Vinclu Sample-Info.plist"; sourceTree = "<group>"; };
		E1492AAF18C7A66300EC6D03 /* en */ = {isa = PBXFileReference; lastKnownFileType = text.plist.strings; name = en; path = en.lproj/InfoPlist.strings; sourceTree = "<group>"; };
		E1492AB118C7A66300EC6D03 /* main.m */ = {isa = PBXFileReference; lastKnownFileType = sourcecode.c.objc; path = main.m; sourceTree = "<group>"; };
		E1492AB318C7A66300EC6D03 /* Vinclu Sample-Prefix.pch */ = {isa = PBXFileReference; lastKnownFileType = sourcecode.c.h; path = "Vinclu Sample-Prefix.pch"; sourceTree = "<group>"; };
		E1492AB418C7A66300EC6D03 /* AppDelegate.h */ = {isa = PBXFileReference; lastKnownFileType = sourcecode.c.h; path = AppDelegate.h; sourceTree = "<group>"; };
		E1492AB518C7A66300EC6D03 /* AppDelegate.m */ = {isa = PBXFileReference; lastKnownFileType = sourcecode.c.objc; path = AppDelegate.m; sourceTree = "<group>"; };
		E1492AB818C7A66300EC6D03 /* Base */ = {isa = PBXFileReference; lastKnownFileType = file.storyboard; name = Base; path = Base.lproj/Main.storyboard; sourceTree = "<group>"; };
		E1492ABA18C7A66300EC6D03 /* ViewController.h */ = {isa = PBXFileReference; lastKnownFileType = sourcecode.c.h; path = ViewController.h; sourceTree = "<group>"; };
		E1492ABB18C7A66300EC6D03 /* ViewController.m */ = {isa = PBXFileReference; lastKnownFileType = sourcecode.c.objc; path = ViewController.m; sourceTree = "<group>"; };
		E1492ABD18C7A66300EC6D03 /* Images.xcassets */ = {isa = PBXFileReference; lastKnownFileType = folder.assetcatalog; path = Images.xcassets; sourceTree = "<group>"; };
		E1492AC318C7A66300EC6D03 /* Vinclu SampleTests.xctest */ = {isa = PBXFileReference; explicitFileType = wrapper.cfbundle; includeInIndex = 0; path = "Vinclu SampleTests.xctest"; sourceTree = BUILT_PRODUCTS_DIR; };
		E1492AC418C7A66300EC6D03 /* XCTest.framework */ = {isa = PBXFileReference; lastKnownFileType = wrapper.framework; name = XCTest.framework; path = Library/Frameworks/XCTest.framework; sourceTree = DEVELOPER_DIR; };
		E1492ACC18C7A66300EC6D03 /* Vinclu SampleTests-Info.plist */ = {isa = PBXFileReference; lastKnownFileType = text.plist.xml; path = "Vinclu SampleTests-Info.plist"; sourceTree = "<group>"; };
		E1492ACE18C7A66300EC6D03 /* en */ = {isa = PBXFileReference; lastKnownFileType = text.plist.strings; name = en; path = en.lproj/InfoPlist.strings; sourceTree = "<group>"; };
		E1492AD018C7A66300EC6D03 /* Vinclu_SampleTests.m */ = {isa = PBXFileReference; lastKnownFileType = sourcecode.c.objc; path = Vinclu_SampleTests.m; sourceTree = "<group>"; };
		E1492ADA18C7A6D900EC6D03 /* AudioToolbox.framework */ = {isa = PBXFileReference; lastKnownFileType = wrapper.framework; name = AudioToolbox.framework; path = System/Library/Frameworks/AudioToolbox.framework; sourceTree = SDKROOT; };
/* End PBXFileReference section */

/* Begin PBXFrameworksBuildPhase section */
		E1492A9F18C7A66300EC6D03 /* Frameworks */ = {
			isa = PBXFrameworksBuildPhase;
			buildActionMask = 2147483647;
			files = (
				E1492ADB18C7A6D900EC6D03 /* AudioToolbox.framework in Frameworks */,
				E1492AA818C7A66300EC6D03 /* CoreGraphics.framework in Frameworks */,
				E1492AAA18C7A66300EC6D03 /* UIKit.framework in Frameworks */,
				E1492AA618C7A66300EC6D03 /* Foundation.framework in Frameworks */,
			);
			runOnlyForDeploymentPostprocessing = 0;
		};
		E1492AC018C7A66300EC6D03 /* Frameworks */ = {
			isa = PBXFrameworksBuildPhase;
			buildActionMask = 2147483647;
			files = (
				E1492AC518C7A66300EC6D03 /* XCTest.framework in Frameworks */,
				E1492AC718C7A66300EC6D03 /* UIKit.framework in Frameworks */,
				E1492AC618C7A66300EC6D03 /* Foundation.framework in Frameworks */,
			);
			runOnlyForDeploymentPostprocessing = 0;
		};
/* End PBXFrameworksBuildPhase section */

/* Begin PBXGroup section */
		E1492A9918C7A66300EC6D03 = {
			isa = PBXGroup;
			children = (
				E1492AAB18C7A66300EC6D03 /* Vinclu Sample */,
				E1492ACA18C7A66300EC6D03 /* Vinclu SampleTests */,
				E1492AA418C7A66300EC6D03 /* Frameworks */,
				E1492AA318C7A66300EC6D03 /* Products */,
			);
			sourceTree = "<group>";
		};
		E1492AA318C7A66300EC6D03 /* Products */ = {
			isa = PBXGroup;
			children = (
				E1492AA218C7A66300EC6D03 /* Vinclu Sample.app */,
				E1492AC318C7A66300EC6D03 /* Vinclu SampleTests.xctest */,
			);
			name = Products;
			sourceTree = "<group>";
		};
		E1492AA418C7A66300EC6D03 /* Frameworks */ = {
			isa = PBXGroup;
			children = (
				E1492ADA18C7A6D900EC6D03 /* AudioToolbox.framework */,
				E1492AA518C7A66300EC6D03 /* Foundation.framework */,
				E1492AA718C7A66300EC6D03 /* CoreGraphics.framework */,
				E1492AA918C7A66300EC6D03 /* UIKit.framework */,
				E1492AC418C7A66300EC6D03 /* XCTest.framework */,
			);
			name = Frameworks;
			sourceTree = "<group>";
		};
		E1492AAB18C7A66300EC6D03 /* Vinclu Sample */ = {
			isa = PBXGroup;
			children = (
				E1492AB418C7A66300EC6D03 /* AppDelegate.h */,
				E1492AB518C7A66300EC6D03 /* AppDelegate.m */,
				E1492AB718C7A66300EC6D03 /* Main.storyboard */,
				E1492ABA18C7A66300EC6D03 /* ViewController.h */,
				E1492ABB18C7A66300EC6D03 /* ViewController.m */,
				E1492ABD18C7A66300EC6D03 /* Images.xcassets */,
				E1492AAC18C7A66300EC6D03 /* Supporting Files */,
			);
			path = "Vinclu Sample";
			sourceTree = "<group>";
		};
		E1492AAC18C7A66300EC6D03 /* Supporting Files */ = {
			isa = PBXGroup;
			children = (
				E1492AAD18C7A66300EC6D03 /* Vinclu Sample-Info.plist */,
				E1492AAE18C7A66300EC6D03 /* InfoPlist.strings */,
				E1492AB118C7A66300EC6D03 /* main.m */,
				E1492AB318C7A66300EC6D03 /* Vinclu Sample-Prefix.pch */,
			);
			name = "Supporting Files";
			sourceTree = "<group>";
		};
		E1492ACA18C7A66300EC6D03 /* Vinclu SampleTests */ = {
			isa = PBXGroup;
			children = (
				E1492AD018C7A66300EC6D03 /* Vinclu_SampleTests.m */,
				E1492ACB18C7A66300EC6D03 /* Supporting Files */,
			);
			path = "Vinclu SampleTests";
			sourceTree = "<group>";
		};
		E1492ACB18C7A66300EC6D03 /* Supporting Files */ = {
			isa = PBXGroup;
			children = (
				E1492ACC18C7A66300EC6D03 /* Vinclu SampleTests-Info.plist */,
				E1492ACD18C7A66300EC6D03 /* InfoPlist.strings */,
			);
			name = "Supporting Files";
			sourceTree = "<group>";
		};
/* End PBXGroup section */

/* Begin PBXNativeTarget section */
		E1492AA118C7A66300EC6D03 /* Vinclu Sample */ = {
			isa = PBXNativeTarget;
			buildConfigurationList = E1492AD418C7A66300EC6D03 /* Build configuration list for PBXNativeTarget "Vinclu Sample" */;
			buildPhases = (
				E1492A9E18C7A66300EC6D03 /* Sources */,
				E1492A9F18C7A66300EC6D03 /* Frameworks */,
				E1492AA018C7A66300EC6D03 /* Resources */,
			);
			buildRules = (
			);
			dependencies = (
			);
			name = "Vinclu Sample";
			productName = "Vinclu Sample";
			productReference = E1492AA218C7A66300EC6D03 /* Vinclu Sample.app */;
			productType = "com.apple.product-type.application";
		};
		E1492AC218C7A66300EC6D03 /* Vinclu SampleTests */ = {
			isa = PBXNativeTarget;
			buildConfigurationList = E1492AD718C7A66300EC6D03 /* Build configuration list for PBXNativeTarget "Vinclu SampleTests" */;
			buildPhases = (
				E1492ABF18C7A66300EC6D03 /* Sources */,
				E1492AC018C7A66300EC6D03 /* Frameworks */,
				E1492AC118C7A66300EC6D03 /* Resources */,
			);
			buildRules = (
			);
			dependencies = (
				E1492AC918C7A66300EC6D03 /* PBXTargetDependency */,
			);
			name = "Vinclu SampleTests";
			productName = "Vinclu SampleTests";
			productReference = E1492AC318C7A66300EC6D03 /* Vinclu SampleTests.xctest */;
			productType = "com.apple.product-type.bundle.unit-test";
		};
/* End PBXNativeTarget section */

/* Begin PBXProject section */
		E1492A9A18C7A66300EC6D03 /* Project object */ = {
			isa = PBXProject;
			attributes = {
				LastUpgradeCheck = 0500;
				ORGANIZATIONNAME = titoi2;
				TargetAttributes = {
					E1492AC218C7A66300EC6D03 = {
						TestTargetID = E1492AA118C7A66300EC6D03;
					};
				};
			};
			buildConfigurationList = E1492A9D18C7A66300EC6D03 /* Build configuration list for PBXProject "Vinclu Sample" */;
			compatibilityVersion = "Xcode 3.2";
			developmentRegion = English;
			hasScannedForEncodings = 0;
			knownRegions = (
				en,
				Base,
			);
			mainGroup = E1492A9918C7A66300EC6D03;
			productRefGroup = E1492AA318C7A66300EC6D03 /* Products */;
			projectDirPath = "";
			projectRoot = "";
			targets = (
				E1492AA118C7A66300EC6D03 /* Vinclu Sample */,
				E1492AC218C7A66300EC6D03 /* Vinclu SampleTests */,
			);
		};
/* End PBXProject section */

/* Begin PBXResourcesBuildPhase section */
		E1492AA018C7A66300EC6D03 /* Resources */ = {
			isa = PBXResourcesBuildPhase;
			buildActionMask = 2147483647;
			files = (
				E1492ABE18C7A66300EC6D03 /* Images.xcassets in Resources */,
				E1492AB018C7A66300EC6D03 /* InfoPlist.strings in Resources */,
				E1492AB918C7A66300EC6D03 /* Main.storyboard in Resources */,
			);
			runOnlyForDeploymentPostprocessing = 0;
		};
		E1492AC118C7A66300EC6D03 /* Resources */ = {
			isa = PBXResourcesBuildPhase;
			buildActionMask = 2147483647;
			files = (
				E1492ACF18C7A66300EC6D03 /* InfoPlist.strings in Resources */,
			);
			runOnlyForDeploymentPostprocessing = 0;
		};
/* End PBXResourcesBuildPhase section */

/* Begin PBXSourcesBuildPhase section */
		E1492A9E18C7A66300EC6D03 /* Sources */ = {
			isa = PBXSourcesBuildPhase;
			buildActionMask = 2147483647;
			files = (
				E1492ABC18C7A66300EC6D03 /* ViewController.m in Sources */,
				E1492AB618C7A66300EC6D03 /* AppDelegate.m in Sources */,
				E1492AB218C7A66300EC6D03 /* main.m in Sources */,
			);
			runOnlyForDeploymentPostprocessing = 0;
		};
		E1492ABF18C7A66300EC6D03 /* Sources */ = {
			isa = PBXSourcesBuildPhase;
			buildActionMask = 2147483647;
			files = (
				E1492AD118C7A66300EC6D03 /* Vinclu_SampleTests.m in Sources */,
			);
			runOnlyForDeploymentPostprocessing = 0;
		};
/* End PBXSourcesBuildPhase section */

/* Begin PBXTargetDependency section */
		E1492AC918C7A66300EC6D03 /* PBXTargetDependency */ = {
			isa = PBXTargetDependency;
			target = E1492AA118C7A66300EC6D03 /* Vinclu Sample */;
			targetProxy = E1492AC818C7A66300EC6D03 /* PBXContainerItemProxy */;
		};
/* End PBXTargetDependency section */

/* Begin PBXVariantGroup section */
		E1492AAE18C7A66300EC6D03 /* InfoPlist.strings */ = {
			isa = PBXVariantGroup;
			children = (
				E1492AAF18C7A66300EC6D03 /* en */,
			);
			name = InfoPlist.strings;
			sourceTree = "<group>";
		};
		E1492AB718C7A66300EC6D03 /* Main.storyboard */ = {
			isa = PBXVariantGroup;
			children = (
				E1492AB818C7A66300EC6D03 /* Base */,
			);
			name = Main.storyboard;
			sourceTree = "<group>";
		};
		E1492ACD18C7A66300EC6D03 /* InfoPlist.strings */ = {
			isa = PBXVariantGroup;
			children = (
				E1492ACE18C7A66300EC6D03 /* en */,
			);
			name = InfoPlist.strings;
			sourceTree = "<group>";
		};
/* End PBXVariantGroup section */

/* Begin XCBuildConfiguration section */
		E1492AD218C7A66300EC6D03 /* Debug */ = {
			isa = XCBuildConfiguration;
			buildSettings = {
				ALWAYS_SEARCH_USER_PATHS = NO;
				ARCHS = "$(ARCHS_STANDARD_INCLUDING_64_BIT)";
				CLANG_CXX_LANGUAGE_STANDARD = "gnu++0x";
				CLANG_CXX_LIBRARY = "libc++";
				CLANG_ENABLE_MODULES = YES;
				CLANG_ENABLE_OBJC_ARC = YES;
				CLANG_WARN_BOOL_CONVERSION = YES;
				CLANG_WARN_CONSTANT_CONVERSION = YES;
				CLANG_WARN_DIRECT_OBJC_ISA_USAGE = YES_ERROR;
				CLANG_WARN_EMPTY_BODY = YES;
				CLANG_WARN_ENUM_CONVERSION = YES;
				CLANG_WARN_INT_CONVERSION = YES;
				CLANG_WARN_OBJC_ROOT_CLASS = YES_ERROR;
				CLANG_WARN__DUPLICATE_METHOD_MATCH = YES;
				"CODE_SIGN_IDENTITY[sdk=iphoneos*]" = "iPhone Developer";
				COPY_PHASE_STRIP = NO;
				GCC_C_LANGUAGE_STANDARD = gnu99;
				GCC_DYNAMIC_NO_PIC = NO;
				GCC_OPTIMIZATION_LEVEL = 0;
				GCC_PREPROCESSOR_DEFINITIONS = (
					"DEBUG=1",
					"$(inherited)",
				);
				GCC_SYMBOLS_PRIVATE_EXTERN = NO;
				GCC_WARN_64_TO_32_BIT_CONVERSION = YES;
				GCC_WARN_ABOUT_RETURN_TYPE = YES_ERROR;
				GCC_WARN_UNDECLARED_SELECTOR = YES;
				GCC_WARN_UNINITIALIZED_AUTOS = YES;
				GCC_WARN_UNUSED_FUNCTION = YES;
				GCC_WARN_UNUSED_VARIABLE = YES;
				IPHONEOS_DEPLOYMENT_TARGET = 7.0;
				ONLY_ACTIVE_ARCH = YES;
				SDKROOT = iphoneos;
			};
			name = Debug;
		};
		E1492AD318C7A66300EC6D03 /* Release */ = {
			isa = XCBuildConfiguration;
			buildSettings = {
				ALWAYS_SEARCH_USER_PATHS = NO;
				ARCHS = "$(ARCHS_STANDARD_INCLUDING_64_BIT)";
				CLANG_CXX_LANGUAGE_STANDARD = "gnu++0x";
				CLANG_CXX_LIBRARY = "libc++";
				CLANG_ENABLE_MODULES = YES;
				CLANG_ENABLE_OBJC_ARC = YES;
				CLANG_WARN_BOOL_CONVERSION = YES;
				CLANG_WARN_CONSTANT_CONVERSION = YES;
				CLANG_WARN_DIRECT_OBJC_ISA_USAGE = YES_ERROR;
				CLANG_WARN_EMPTY_BODY = YES;
				CLANG_WARN_ENUM_CONVERSION = YES;
				CLANG_WARN_INT_CONVERSION = YES;
				CLANG_WARN_OBJC_ROOT_CLASS = YES_ERROR;
				CLANG_WARN__DUPLICATE_METHOD_MATCH = YES;
				"CODE_SIGN_IDENTITY[sdk=iphoneos*]" = "iPhone Developer";
				COPY_PHASE_STRIP = YES;
				ENABLE_NS_ASSERTIONS = NO;
				GCC_C_LANGUAGE_STANDARD = gnu99;
				GCC_WARN_64_TO_32_BIT_CONVERSION = YES;
				GCC_WARN_ABOUT_RETURN_TYPE = YES_ERROR;
				GCC_WARN_UNDECLARED_SELECTOR = YES;
				GCC_WARN_UNINITIALIZED_AUTOS = YES;
				GCC_WARN_UNUSED_FUNCTION = YES;
				GCC_WARN_UNUSED_VARIABLE = YES;
				IPHONEOS_DEPLOYMENT_TARGET = 7.0;
				SDKROOT = iphoneos;
				VALIDATE_PRODUCT = YES;
			};
			name = Release;
		};
		E1492AD518C7A66300EC6D03 /* Debug */ = {
			isa = XCBuildConfiguration;
			buildSettings = {
				ASSETCATALOG_COMPILER_APPICON_NAME = AppIcon;
				ASSETCATALOG_COMPILER_LAUNCHIMAGE_NAME = LaunchImage;
				GCC_PRECOMPILE_PREFIX_HEADER = YES;
				GCC_PREFIX_HEADER = "Vinclu Sample/Vinclu Sample-Prefix.pch";
				INFOPLIST_FILE = "Vinclu Sample/Vinclu Sample-Info.plist";
				PRODUCT_NAME = "$(TARGET_NAME)";
				WRAPPER_EXTENSION = app;
			};
			name = Debug;
		};
		E1492AD618C7A66300EC6D03 /* Release */ = {
			isa = XCBuildConfiguration;
			buildSettings = {
				ASSETCATALOG_COMPILER_APPICON_NAME = AppIcon;
				ASSETCATALOG_COMPILER_LAUNCHIMAGE_NAME = LaunchImage;
				GCC_PRECOMPILE_PREFIX_HEADER = YES;
				GCC_PREFIX_HEADER = "Vinclu Sample/Vinclu Sample-Prefix.pch";
				INFOPLIST_FILE = "Vinclu Sample/Vinclu Sample-Info.plist";
				PRODUCT_NAME = "$(TARGET_NAME)";
				WRAPPER_EXTENSION = app;
			};
			name = Release;
		};
		E1492AD818C7A66300EC6D03 /* Debug */ = {
			isa = XCBuildConfiguration;
			buildSettings = {
				ARCHS = "$(ARCHS_STANDARD_INCLUDING_64_BIT)";
				BUNDLE_LOADER = "$(BUILT_PRODUCTS_DIR)/Vinclu Sample.app/Vinclu Sample";
				FRAMEWORK_SEARCH_PATHS = (
					"$(SDKROOT)/Developer/Library/Frameworks",
					"$(inherited)",
					"$(DEVELOPER_FRAMEWORKS_DIR)",
				);
				GCC_PRECOMPILE_PREFIX_HEADER = YES;
				GCC_PREFIX_HEADER = "Vinclu Sample/Vinclu Sample-Prefix.pch";
				GCC_PREPROCESSOR_DEFINITIONS = (
					"DEBUG=1",
					"$(inherited)",
				);
				INFOPLIST_FILE = "Vinclu SampleTests/Vinclu SampleTests-Info.plist";
				PRODUCT_NAME = "$(TARGET_NAME)";
				TEST_HOST = "$(BUNDLE_LOADER)";
				WRAPPER_EXTENSION = xctest;
			};
			name = Debug;
		};
		E1492AD918C7A66300EC6D03 /* Release */ = {
			isa = XCBuildConfiguration;
			buildSettings = {
				ARCHS = "$(ARCHS_STANDARD_INCLUDING_64_BIT)";
				BUNDLE_LOADER = "$(BUILT_PRODUCTS_DIR)/Vinclu Sample.app/Vinclu Sample";
				FRAMEWORK_SEARCH_PATHS = (
					"$(SDKROOT)/Developer/Library/Frameworks",
					"$(inherited)",
					"$(DEVELOPER_FRAMEWORKS_DIR)",
				);
				GCC_PRECOMPILE_PREFIX_HEADER = YES;
				GCC_PREFIX_HEADER = "Vinclu Sample/Vinclu Sample-Prefix.pch";
				INFOPLIST_FILE = "Vinclu SampleTests/Vinclu SampleTests-Info.plist";
				PRODUCT_NAME = "$(TARGET_NAME)";
				TEST_HOST = "$(BUNDLE_LOADER)";
				WRAPPER_EXTENSION = xctest;
			};
			name = Release;
		};
/* End XCBuildConfiguration section */

/* Begin XCConfigurationList section */
		E1492A9D18C7A66300EC6D03 /* Build configuration list for PBXProject "Vinclu Sample" */ = {
			isa = XCConfigurationList;
			buildConfigurations = (
				E1492AD218C7A66300EC6D03 /* Debug */,
				E1492AD318C7A66300EC6D03 /* Release */,
			);
			defaultConfigurationIsVisible = 0;
			defaultConfigurationName = Release;
		};
		E1492AD418C7A66300EC6D03 /* Build configuration list for PBXNativeTarget "Vinclu Sample" */ = {
			isa = XCConfigurationList;
			buildConfigurations = (
				E1492AD518C7A66300EC6D03 /* Debug */,
				E1492AD618C7A66300EC6D03 /* Release */,
			);
			defaultConfigurationIsVisible = 0;
		};
		E1492AD718C7A66300EC6D03 /* Build configuration list for PBXNativeTarget "Vinclu SampleTests" */ = {
			isa = XCConfigurationList;
			buildConfigurations = (
				E1492AD818C7A66300EC6D03 /* Debug */,
				E1492AD918C7A66300EC6D03 /* Release */,
			);
			defaultConfigurationIsVisible = 0;
		};
/* End XCConfigurationList section */
	};
	rootObject = E1492A9A18C7A66300EC6D03 /* Project object */;
}
